
Microsoft Visual Studio Solution File, Format Version 12.00
# Visual Studio Version 17
VisualStudioVersion = 17.3.32929.385
MinimumVisualStudioVersion = 10.0.40219.1
Project("{8BC9CEB8-8B4A-11D0-8D11-00A0C91BC942}") = "chatbot", "chatbot.vcxproj", "{695023B0-4510-44E8-A812-E7AAE6466D57}"
EndProject
Global
	GlobalSection(SolutionConfigurationPlatforms) = preSolution
		Debug|x64 = Debug|x64
		Debug|x86 = Debug|x86
		Release|x64 = Release|x64
		Release|x86 = Release|x86
	EndGlobalSection
	GlobalSection(ProjectConfigurationPlatforms) = postSolution
		{695023B0-4510-44E8-A812-E7AAE6466D57}.Debug|x64.ActiveCfg = Debug|x64
		{695023B0-4510-44E8-A812-E7AAE6466D57}.Debug|x64.Build.0 = Debug|x64
		{695023B0-4510-44E8-A812-E7AAE6466D57}.Debug|x86.ActiveCfg = Debug|Win32
		{695023B0-4510-44E8-A812-E7AAE6466D57}.Debug|x86.Build.0 = Debug|Win32
		{695023B0-4510-44E8-A812-E7AAE6466D57}.Release|x64.ActiveCfg = Release|x64
		{695023B0-4510-44E8-A812-E7AAE6466D57}.Release|x64.Build.0 = Release|x64
		{695023B0-4510-44E8-A812-E7AAE6466D57}.Release|x86.ActiveCfg = Release|Win32
		{695023B0-4510-44E8-A812-E7AAE6466D57}.Release|x86.Build.0 = Release|Win32
	EndGlobalSection
	GlobalSection(SolutionProperties) = preSolution
		HideSolutionNode = FALSE
	EndGlobalSection
	GlobalSection(ExtensibilityGlobals) = postSolution
		SolutionGuid = {279F7DDF-1B42-468C-B829-7F4B9F5D39F9}
	EndGlobalSection
EndGlobal
